// !$*UTF8*$!
{
	archiveVersion = 1;
	classes = {
	};
	objectVersion = 46;
	objects = {

/* Begin PBXBuildFile section */
		C9D79FE81CA605430077DA05 /* main.m in Sources */ = {isa = PBXBuildFile; fileRef = C9D79FE71CA605430077DA05 /* main.m */; };
		C9D79FEB1CA605430077DA05 /* AppDelegate.m in Sources */ = {isa = PBXBuildFile; fileRef = C9D79FEA1CA605430077DA05 /* AppDelegate.m */; };
		C9D79FF31CA605430077DA05 /* Assets.xcassets in Resources */ = {isa = PBXBuildFile; fileRef = C9D79FF21CA605430077DA05 /* Assets.xcassets */; };
		C9D7A0001CA605640077DA05 /* MainViewController.m in Sources */ = {isa = PBXBuildFile; fileRef = C9D79FFE1CA605640077DA05 /* MainViewController.m */; };
		C9D7A0011CA605640077DA05 /* MainViewController.xib in Resources */ = {isa = PBXBuildFile; fileRef = C9D79FFF1CA605640077DA05 /* MainViewController.xib */; };
		C9D7A0051CA605FD0077DA05 /* RXImagePickManager.m in Sources */ = {isa = PBXBuildFile; fileRef = C9D7A0041CA605FD0077DA05 /* RXImagePickManager.m */; };
/* End PBXBuildFile section */

/* Begin PBXFileReference section */
		C9D79FE31CA605430077DA05 /* RXImagePickManagerExample.app */ = {isa = PBXFileReference; explicitFileType = wrapper.application; includeInIndex = 0; path = RXImagePickManagerExample.app; sourceTree = BUILT_PRODUCTS_DIR; };
		C9D79FE71CA605430077DA05 /* main.m */ = {isa = PBXFileReference; lastKnownFileType = sourcecode.c.objc; path = main.m; sourceTree = "<group>"; };
		C9D79FE91CA605430077DA05 /* AppDelegate.h */ = {isa = PBXFileReference; lastKnownFileType = sourcecode.c.h; path = AppDelegate.h; sourceTree = "<group>"; };
		C9D79FEA1CA605430077DA05 /* AppDelegate.m */ = {isa = PBXFileReference; lastKnownFileType = sourcecode.c.objc; path = AppDelegate.m; sourceTree = "<group>"; };
		C9D79FF21CA605430077DA05 /* Assets.xcassets */ = {isa = PBXFileReference; lastKnownFileType = folder.assetcatalog; path = Assets.xcassets; sourceTree = "<group>"; };
		C9D79FF71CA605430077DA05 /* Info.plist */ = {isa = PBXFileReference; lastKnownFileType = text.plist.xml; path = Info.plist; sourceTree = "<group>"; };
		C9D79FFD1CA605640077DA05 /* MainViewController.h */ = {isa = PBXFileReference; fileEncoding = 4; lastKnownFileType = sourcecode.c.h; path = MainViewController.h; sourceTree = "<group>"; };
		C9D79FFE1CA605640077DA05 /* MainViewController.m */ = {isa = PBXFileReference; fileEncoding = 4; lastKnownFileType = sourcecode.c.objc; path = MainViewController.m; sourceTree = "<group>"; };
		C9D79FFF1CA605640077DA05 /* MainViewController.xib */ = {isa = PBXFileReference; fileEncoding = 4; lastKnownFileType = file.xib; path = MainViewController.xib; sourceTree = "<group>"; };
		C9D7A0031CA605FD0077DA05 /* RXImagePickManager.h */ = {isa = PBXFileReference; fileEncoding = 4; lastKnownFileType = sourcecode.c.h; path = RXImagePickManager.h; sourceTree = "<group>"; };
		C9D7A0041CA605FD0077DA05 /* RXImagePickManager.m */ = {isa = PBXFileReference; fileEncoding = 4; lastKnownFileType = sourcecode.c.objc; path = RXImagePickManager.m; sourceTree = "<group>"; };
/* End PBXFileReference section */

/* Begin PBXFrameworksBuildPhase section */
		C9D79FE01CA605430077DA05 /* Frameworks */ = {
			isa = PBXFrameworksBuildPhase;
			buildActionMask = 2147483647;
			files = (
			);
			runOnlyForDeploymentPostprocessing = 0;
		};
/* End PBXFrameworksBuildPhase section */

/* Begin PBXGroup section */
		C9D79FDA1CA605430077DA05 = {
			isa = PBXGroup;
			children = (
				C9D7A0021CA605FD0077DA05 /* RXImagePickManager */,
				C9D79FE51CA605430077DA05 /* RXImagePickManagerExample */,
				C9D79FE41CA605430077DA05 /* Products */,
			);
			sourceTree = "<group>";
		};
		C9D79FE41CA605430077DA05 /* Products */ = {
			isa = PBXGroup;
			children = (
				C9D79FE31CA605430077DA05 /* RXImagePickManagerExample.app */,
			);
			name = Products;
			sourceTree = "<group>";
		};
		C9D79FE51CA605430077DA05 /* RXImagePickManagerExample */ = {
			isa = PBXGroup;
			children = (
				C9D79FE91CA605430077DA05 /* AppDelegate.h */,
				C9D79FEA1CA605430077DA05 /* AppDelegate.m */,
				C9D79FF21CA605430077DA05 /* Assets.xcassets */,
				C9D79FF71CA605430077DA05 /* Info.plist */,
				C9D79FE61CA605430077DA05 /* Supporting Files */,
				C9D79FFD1CA605640077DA05 /* MainViewController.h */,
				C9D79FFE1CA605640077DA05 /* MainViewController.m */,
				C9D79FFF1CA605640077DA05 /* MainViewController.xib */,
			);
			path = RXImagePickManagerExample;
			sourceTree = "<group>";
		};
		C9D79FE61CA605430077DA05 /* Supporting Files */ = {
			isa = PBXGroup;
			children = (
				C9D79FE71CA605430077DA05 /* main.m */,
			);
			name = "Supporting Files";
			sourceTree = "<group>";
		};
		C9D7A0021CA605FD0077DA05 /* RXImagePickManager */ = {
			isa = PBXGroup;
			children = (
				C9D7A0031CA605FD0077DA05 /* RXImagePickManager.h */,
				C9D7A0041CA605FD0077DA05 /* RXImagePickManager.m */,
			);
			name = RXImagePickManager;
			path = ../RXImagePickManager;
			sourceTree = "<group>";
		};
/* End PBXGroup section */

/* Begin PBXNativeTarget section */
		C9D79FE21CA605430077DA05 /* RXImagePickManagerExample */ = {
			isa = PBXNativeTarget;
			buildConfigurationList = C9D79FFA1CA605430077DA05 /* Build configuration list for PBXNativeTarget "RXImagePickManagerExample" */;
			buildPhases = (
				C9D79FDF1CA605430077DA05 /* Sources */,
				C9D79FE01CA605430077DA05 /* Frameworks */,
				C9D79FE11CA605430077DA05 /* Resources */,
			);
			buildRules = (
			);
			dependencies = (
			);
			name = RXImagePickManagerExample;
			productName = RXImagePickManagerExample;
			productReference = C9D79FE31CA605430077DA05 /* RXImagePickManagerExample.app */;
			productType = "com.apple.product-type.application";
		};
/* End PBXNativeTarget section */

/* Begin PBXProject section */
		C9D79FDB1CA605430077DA05 /* Project object */ = {
			isa = PBXProject;
			attributes = {
				LastUpgradeCheck = 0720;
				ORGANIZATIONNAME = Rush;
				TargetAttributes = {
					C9D79FE21CA605430077DA05 = {
						CreatedOnToolsVersion = 7.2.1;
					};
				};
			};
			buildConfigurationList = C9D79FDE1CA605430077DA05 /* Build configuration list for PBXProject "RXImagePickManagerExample" */;
			compatibilityVersion = "Xcode 3.2";
			developmentRegion = English;
			hasScannedForEncodings = 0;
			knownRegions = (
				en,
				Base,
			);
			mainGroup = C9D79FDA1CA605430077DA05;
			productRefGroup = C9D79FE41CA605430077DA05 /* Products */;
			projectDirPath = "";
			projectRoot = "";
			targets = (
				C9D79FE21CA605430077DA05 /* RXImagePickManagerExample */,
			);
		};
/* End PBXProject section */

/* Begin PBXResourcesBuildPhase section */
		C9D79FE11CA605430077DA05 /* Resources */ = {
			isa = PBXResourcesBuildPhase;
			buildActionMask = 2147483647;
			files = (
				C9D79FF31CA605430077DA05 /* Assets.xcassets in Resources */,
				C9D7A0011CA605640077DA05 /* MainViewController.xib in Resources */,
			);
			runOnlyForDeploymentPostprocessing = 0;
		};
/* End PBXResourcesBuildPhase section */

/* Begin PBXSourcesBuildPhase section */
		C9D79FDF1CA605430077DA05 /* Sources */ = {
			isa = PBXSourcesBuildPhase;
			buildActionMask = 2147483647;
			files = (
				C9D79FEB1CA605430077DA05 /* AppDelegate.m in Sources */,
				C9D7A0001CA605640077DA05 /* MainViewController.m in Sources */,
				C9D7A0051CA605FD0077DA05 /* RXImagePickManager.m in Sources */,
				C9D79FE81CA605430077DA05 /* main.m in Sources */,
			);
			runOnlyForDeploymentPostprocessing = 0;
		};
/* End PBXSourcesBuildPhase section */

/* Begin XCBuildConfiguration section */
		C9D79FF81CA605430077DA05 /* Debug */ = {
			isa = XCBuildConfiguration;
			buildSettings = {
				ALWAYS_SEARCH_USER_PATHS = NO;
				CLANG_CXX_LANGUAGE_STANDARD = "gnu++0x";
				CLANG_CXX_LIBRARY = "libc++";
				CLANG_ENABLE_MODULES = YES;
				CLANG_ENABLE_OBJC_ARC = YES;
				CLANG_WARN_BOOL_CONVERSION = YES;
				CLANG_WARN_CONSTANT_CONVERSION = YES;
				CLANG_WARN_DIRECT_OBJC_ISA_USAGE = YES_ERROR;
				CLANG_WARN_EMPTY_BODY = YES;
				CLANG_WARN_ENUM_CONVERSION = YES;
				CLANG_WARN_INT_CONVERSION = YES;
				CLANG_WARN_OBJC_ROOT_CLASS = YES_ERROR;
				CLANG_WARN_UNREACHABLE_CODE = YES;
				CLANG_WARN__DUPLICATE_METHOD_MATCH = YES;
				"CODE_SIGN_IDENTITY[sdk=iphoneos*]" = "iPhone Developer";
				COPY_PHASE_STRIP = NO;
				DEBUG_INFORMATION_FORMAT = dwarf;
				ENABLE_STRICT_OBJC_MSGSEND = YES;
				ENABLE_TESTABILITY = YES;
				GCC_C_LANGUAGE_STANDARD = gnu99;
				GCC_DYNAMIC_NO_PIC = NO;
				GCC_NO_COMMON_BLOCKS = YES;
				GCC_OPTIMIZATION_LEVEL = 0;
				GCC_PREPROCESSOR_DEFINITIONS = (
					"DEBUG=1",
					"$(inherited)",
				);
				GCC_WARN_64_TO_32_BIT_CONVERSION = YES;
				GCC_WARN_ABOUT_RETURN_TYPE = YES_ERROR;
				GCC_WARN_UNDECLARED_SELECTOR = YES;
				GCC_WARN_UNINITIALIZED_AUTOS = YES_AGGRESSIVE;
				GCC_WARN_UNUSED_FUNCTION = YES;
				GCC_WARN_UNUSED_VARIABLE = YES;
				IPHONEOS_DEPLOYMENT_TARGET = 9.2;
				MTL_ENABLE_DEBUG_INFO = YES;
				ONLY_ACTIVE_ARCH = YES;
				SDKROOT = iphoneos;
				TARGETED_DEVICE_FAMILY = "1,2";
			};
			name = Debug;
		};
		C9D79FF91CA605430077DA05 /* Release */ = {
			isa = XCBuildConfiguration;
			buildSettings = {
				ALWAYS_SEARCH_USER_PATHS = NO;
				CLANG_CXX_LANGUAGE_STANDARD = "gnu++0x";
				CLANG_CXX_LIBRARY = "libc++";
				CLANG_ENABLE_MODULES = YES;
				CLANG_ENABLE_OBJC_ARC = YES;
				CLANG_WARN_BOOL_CONVERSION = YES;
				CLANG_WARN_CONSTANT_CONVERSION = YES;
				CLANG_WARN_DIRECT_OBJC_ISA_USAGE = YES_ERROR;
				CLANG_WARN_EMPTY_BODY = YES;
				CLANG_WARN_ENUM_CONVERSION = YES;
				CLANG_WARN_INT_CONVERSION = YES;
				CLANG_WARN_OBJC_ROOT_CLASS = YES_ERROR;
				CLANG_WARN_UNREACHABLE_CODE = YES;
				CLANG_WARN__DUPLICATE_METHOD_MATCH = YES;
				"CODE_SIGN_IDENTITY[sdk=iphoneos*]" = "iPhone Developer";
				COPY_PHASE_STRIP = NO;
				DEBUG_INFORMATION_FORMAT = "dwarf-with-dsym";
				ENABLE_NS_ASSERTIONS = NO;
				ENABLE_STRICT_OBJC_MSGSEND = YES;
				GCC_C_LANGUAGE_STANDARD = gnu99;
				GCC_NO_COMMON_BLOCKS = YES;
				GCC_WARN_64_TO_32_BIT_CONVERSION = YES;
				GCC_WARN_ABOUT_RETURN_TYPE = YES_ERROR;
				GCC_WARN_UNDECLARED_SELECTOR = YES;
				GCC_WARN_UNINITIALIZED_AUTOS = YES_AGGRESSIVE;
				GCC_WARN_UNUSED_FUNCTION = YES;
				GCC_WARN_UNUSED_VARIABLE = YES;
				IPHONEOS_DEPLOYMENT_TARGET = 9.2;
				MTL_ENABLE_DEBUG_INFO = NO;
				SDKROOT = iphoneos;
				TARGETED_DEVICE_FAMILY = "1,2";
				VALIDATE_PRODUCT = YES;
			};
			name = Release;
		};
		C9D79FFB1CA605430077DA05 /* Debug */ = {
			isa = XCBuildConfiguration;
			buildSettings = {
				ASSETCATALOG_COMPILER_APPICON_NAME = AppIcon;
				ASSETCATALOG_COMPILER_LAUNCHIMAGE_NAME = LaunchImage;
				INFOPLIST_FILE = RXImagePickManagerExample/Info.plist;
				IPHONEOS_DEPLOYMENT_TARGET = 7.0;
				LD_RUNPATH_SEARCH_PATHS = "$(inherited) @executable_path/Frameworks";
				PRODUCT_BUNDLE_IDENTIFIER = com.Rush.RXImagePickManagerExample;
				PRODUCT_NAME = "$(TARGET_NAME)";
				TARGETED_DEVICE_FAMILY = 1;
			};
			name = Debug;
		};
		C9D79FFC1CA605430077DA05 /* Release */ = {
			isa = XCBuildConfiguration;
			buildSettings = {
				ASSETCATALOG_COMPILER_APPICON_NAME = AppIcon;
				ASSETCATALOG_COMPILER_LAUNCHIMAGE_NAME = LaunchImage;
				INFOPLIST_FILE = RXImagePickManagerExample/Info.plist;
				IPHONEOS_DEPLOYMENT_TARGET = 7.0;
				LD_RUNPATH_SEARCH_PATHS = "$(inherited) @executable_path/Frameworks";
				PRODUCT_BUNDLE_IDENTIFIER = com.Rush.RXImagePickManagerExample;
				PRODUCT_NAME = "$(TARGET_NAME)";
				TARGETED_DEVICE_FAMILY = 1;
			};
			name = Release;
		};
/* End XCBuildConfiguration section */

/* Begin XCConfigurationList section */
		C9D79FDE1CA605430077DA05 /* Build configuration list for PBXProject "RXImagePickManagerExample" */ = {
			isa = XCConfigurationList;
			buildConfigurations = (
				C9D79FF81CA605430077DA05 /* Debug */,
				C9D79FF91CA605430077DA05 /* Release */,
			);
			defaultConfigurationIsVisible = 0;
			defaultConfigurationName = Release;
		};
		C9D79FFA1CA605430077DA05 /* Build configuration list for PBXNativeTarget "RXImagePickManagerExample" */ = {
			isa = XCConfigurationList;
			buildConfigurations = (
				C9D79FFB1CA605430077DA05 /* Debug */,
				C9D79FFC1CA605430077DA05 /* Release */,
			);
			defaultConfigurationIsVisible = 0;
		};
/* End XCConfigurationList section */
	};
	rootObject = C9D79FDB1CA605430077DA05 /* Project object */;
}
